
Microsoft Visual Studio Solution File, Format Version 12.00
# Visual Studio 15
VisualStudioVersion = 15.0.28307.168
MinimumVisualStudioVersion = 10.0.40219.1
Project("{FAE04EC0-301F-11D3-BF4B-00C04F79EFBC}") = "MyMigration", "MyMigration\MyMigration.csproj", "{EF9CC99A-3A63-43A4-BCEE-8EDE44C72CDB}"
	ProjectSection(ProjectDependencies) = postProject
		{28003D3A-9B52-4AE5-AA73-562B6618D4C4} = {28003D3A-9B52-4AE5-AA73-562B6618D4C4}
	EndProjectSection
EndProject
Project("{FAE04EC0-301F-11D3-BF4B-00C04F79EFBC}") = "WCFService", "WCFService\WCFService.csproj", "{28003D3A-9B52-4AE5-AA73-562B6618D4C4}"
EndProject
Global
	GlobalSection(SolutionConfigurationPlatforms) = preSolution
		Debug|Any CPU = Debug|Any CPU
		Release|Any CPU = Release|Any CPU
	EndGlobalSection
	GlobalSection(ProjectConfigurationPlatforms) = postSolution
		{EF9CC99A-3A63-43A4-BCEE-8EDE44C72CDB}.Debug|Any CPU.ActiveCfg = Debug|Any CPU
		{EF9CC99A-3A63-43A4-BCEE-8EDE44C72CDB}.Debug|Any CPU.Build.0 = Debug|Any CPU
		{EF9CC99A-3A63-43A4-BCEE-8EDE44C72CDB}.Release|Any CPU.ActiveCfg = Release|Any CPU
		{EF9CC99A-3A63-43A4-BCEE-8EDE44C72CDB}.Release|Any CPU.Build.0 = Release|Any CPU
		{28003D3A-9B52-4AE5-AA73-562B6618D4C4}.Debug|Any CPU.ActiveCfg = Debug|Any CPU
		{28003D3A-9B52-4AE5-AA73-562B6618D4C4}.Debug|Any CPU.Build.0 = Debug|Any CPU
		{28003D3A-9B52-4AE5-AA73-562B6618D4C4}.Release|Any CPU.ActiveCfg = Release|Any CPU
		{28003D3A-9B52-4AE5-AA73-562B6618D4C4}.Release|Any CPU.Build.0 = Release|Any CPU
	EndGlobalSection
	GlobalSection(SolutionProperties) = preSolution
		HideSolutionNode = FALSE
	EndGlobalSection
	GlobalSection(ExtensibilityGlobals) = postSolution
		SolutionGuid = {BF03009C-FE5E-456B-A650-829C36332CED}
	EndGlobalSection
EndGlobal
